
Microsoft Visual Studio Solution File, Format Version 12.00
# Visual Studio Version 17
VisualStudioVersion = 17.0.31903.59
MinimumVisualStudioVersion = 10.0.40219.1
Project("{2150E333-8FDC-42A3-9474-1A3956D46DE8}") = "src", "src", "{4BFFEA9F-C4EC-4C3F-9C46-D86D31A46E96}"
EndProject
Project("{2150E333-8FDC-42A3-9474-1A3956D46DE8}") = "tests", "tests", "{B44432D1-C711-4E23-A692-3F8FD661C0E7}"
EndProject
Project("{FAE04EC0-301F-11D3-BF4B-00C04F79EFBC}") = "AuthCenter.WebHost", "src\AuthCenter.WebHost\AuthCenter.WebHost.csproj", "{61162541-0D0C-4C8F-967E-DA9D42E8B4AD}"
EndProject
Project("{54A90642-561A-4BB1-A94E-469ADEE60C69}") = "AuthCenter.Web", "src\Authcenter.Web\AuthCenter.Web.esproj", "{6CCC7504-B3C0-4EB4-8956-A5FB390ACD6A}"
EndProject
Project("{2150E333-8FDC-42A3-9474-1A3956D46DE8}") = "aspire", "aspire", "{858AD5E6-4AF6-4007-A40F-07323B8604F6}"
EndProject
Project("{FAE04EC0-301F-11D3-BF4B-00C04F79EFBC}") = "AuthCenter.Client", "src\AuthCenter.Client\AuthCenter.Client.csproj", "{B4353DEA-4EEF-4D01-B5D2-D29A673515F6}"
EndProject
Project("{FAE04EC0-301F-11D3-BF4B-00C04F79EFBC}") = "AuthCenter.Core", "src\AuthCenter.Core\AuthCenter.Core.csproj", "{5B0A981D-C7A7-41D9-A888-D3CF49A07113}"
EndProject
Project("{FAE04EC0-301F-11D3-BF4B-00C04F79EFBC}") = "AuthCenter.Services", "src\AuthCenter.Services\AuthCenter.Services.csproj", "{71BBD1C9-2BD2-4162-AC4C-052F43241A9D}"
EndProject
Project("{2150E333-8FDC-42A3-9474-1A3956D46DE8}") = "samples", "samples", "{38A630E4-9CAF-448D-86AF-822A85EC3B5E}"
EndProject
Project("{FAE04EC0-301F-11D3-BF4B-00C04F79EFBC}") = "AuthCenter.Sample.WebHost", "samples\AuthCenter.Sample.WebHost\AuthCenter.Sample.WebHost.csproj", "{798E0327-245C-46CB-B1C7-6F0CF873676E}"
EndProject
Project("{54A90642-561A-4BB1-A94E-469ADEE60C69}") = "AuthCenter.Sample.Web", "samples\AuthCenter.Sample.Web\AuthCenter.Sample.Web.esproj", "{3A20AC1B-3516-4CD9-9A3C-72601F1A67E0}"
EndProject
Project("{FAE04EC0-301F-11D3-BF4B-00C04F79EFBC}") = "DotriStack.AuthCenter.AppHost", "aspire\DotriStack.AuthCenter.AppHost\DotriStack.AuthCenter.AppHost.csproj", "{CE6E6ED5-B0CE-441D-A6FE-03866F1C8D65}"
EndProject
Project("{FAE04EC0-301F-11D3-BF4B-00C04F79EFBC}") = "DotriStack.AuthCenter.ServiceDefaults", "aspire\DotriStack.AuthCenter.ServiceDefaults\DotriStack.AuthCenter.ServiceDefaults.csproj", "{4237E873-E4C8-4427-8D1D-3111138C5FF4}"
EndProject
Project("{FAE04EC0-301F-11D3-BF4B-00C04F79EFBC}") = "AuthCenter.Sample.WebHost.Tests", "samples\AuthCenter.Sample.WebHost.Tests\AuthCenter.Sample.WebHost.Tests.csproj", "{7239EC1A-B9DD-40E7-AA9E-31EB36782BFA}"
EndProject
Project("{FAE04EC0-301F-11D3-BF4B-00C04F79EFBC}") = "AuthCenter.Core.Tests", "tests\AuthCenter.Core.Tests\AuthCenter.Core.Tests.csproj", "{4C502D2A-A8DB-4D7B-AC27-48A74F9B8705}"
EndProject
Project("{FAE04EC0-301F-11D3-BF4B-00C04F79EFBC}") = "AuthCenter.Services.Tests", "tests\AuthCenter.Services.Tests\AuthCenter.Services.Tests.csproj", "{E0F5EC5F-4C64-4095-A96E-256354C86EF9}"
EndProject
Project("{FAE04EC0-301F-11D3-BF4B-00C04F79EFBC}") = "AuthCenter.WebHost.Tests", "tests\AuthCenter.WebHost.Tests\AuthCenter.WebHost.Tests.csproj", "{604A9557-9C19-43D9-A03B-3A0C09F5FDD5}"
EndProject
Project("{2150E333-8FDC-42A3-9474-1A3956D46DE8}") = "src", "src", "{6D550939-B3CD-483E-A7B0-326B0722F9F1}"
EndProject
Project("{2150E333-8FDC-42A3-9474-1A3956D46DE8}") = "tests", "tests", "{9477C1D7-82E1-4204-BA81-DD49EB8A3F51}"
EndProject
Project("{FAE04EC0-301F-11D3-BF4B-00C04F79EFBC}") = "AuthCenter.Repositories", "src\AuthCenter.Repositories\AuthCenter.Repositories.csproj", "{59794AD0-9EC0-4CEE-9EC1-DDD369594459}"
EndProject
Global
	GlobalSection(SolutionConfigurationPlatforms) = preSolution
		Debug|Any CPU = Debug|Any CPU
		Release|Any CPU = Release|Any CPU
	EndGlobalSection
	GlobalSection(ProjectConfigurationPlatforms) = postSolution
		{61162541-0D0C-4C8F-967E-DA9D42E8B4AD}.Debug|Any CPU.ActiveCfg = Debug|Any CPU
		{61162541-0D0C-4C8F-967E-DA9D42E8B4AD}.Debug|Any CPU.Build.0 = Debug|Any CPU
		{61162541-0D0C-4C8F-967E-DA9D42E8B4AD}.Release|Any CPU.ActiveCfg = Release|Any CPU
		{61162541-0D0C-4C8F-967E-DA9D42E8B4AD}.Release|Any CPU.Build.0 = Release|Any CPU
		{6CCC7504-B3C0-4EB4-8956-A5FB390ACD6A}.Debug|Any CPU.ActiveCfg = Debug|Any CPU
		{6CCC7504-B3C0-4EB4-8956-A5FB390ACD6A}.Debug|Any CPU.Build.0 = Debug|Any CPU
		{6CCC7504-B3C0-4EB4-8956-A5FB390ACD6A}.Debug|Any CPU.Deploy.0 = Debug|Any CPU
		{6CCC7504-B3C0-4EB4-8956-A5FB390ACD6A}.Release|Any CPU.ActiveCfg = Release|Any CPU
		{6CCC7504-B3C0-4EB4-8956-A5FB390ACD6A}.Release|Any CPU.Build.0 = Release|Any CPU
		{6CCC7504-B3C0-4EB4-8956-A5FB390ACD6A}.Release|Any CPU.Deploy.0 = Release|Any CPU
		{B4353DEA-4EEF-4D01-B5D2-D29A673515F6}.Debug|Any CPU.ActiveCfg = Debug|Any CPU
		{B4353DEA-4EEF-4D01-B5D2-D29A673515F6}.Debug|Any CPU.Build.0 = Debug|Any CPU
		{B4353DEA-4EEF-4D01-B5D2-D29A673515F6}.Release|Any CPU.ActiveCfg = Release|Any CPU
		{B4353DEA-4EEF-4D01-B5D2-D29A673515F6}.Release|Any CPU.Build.0 = Release|Any CPU
		{5B0A981D-C7A7-41D9-A888-D3CF49A07113}.Debug|Any CPU.ActiveCfg = Debug|Any CPU
		{5B0A981D-C7A7-41D9-A888-D3CF49A07113}.Debug|Any CPU.Build.0 = Debug|Any CPU
		{5B0A981D-C7A7-41D9-A888-D3CF49A07113}.Release|Any CPU.ActiveCfg = Release|Any CPU
		{5B0A981D-C7A7-41D9-A888-D3CF49A07113}.Release|Any CPU.Build.0 = Release|Any CPU
		{71BBD1C9-2BD2-4162-AC4C-052F43241A9D}.Debug|Any CPU.ActiveCfg = Debug|Any CPU
		{71BBD1C9-2BD2-4162-AC4C-052F43241A9D}.Debug|Any CPU.Build.0 = Debug|Any CPU
		{71BBD1C9-2BD2-4162-AC4C-052F43241A9D}.Release|Any CPU.ActiveCfg = Release|Any CPU
		{71BBD1C9-2BD2-4162-AC4C-052F43241A9D}.Release|Any CPU.Build.0 = Release|Any CPU
		{798E0327-245C-46CB-B1C7-6F0CF873676E}.Debug|Any CPU.ActiveCfg = Debug|Any CPU
		{798E0327-245C-46CB-B1C7-6F0CF873676E}.Debug|Any CPU.Build.0 = Debug|Any CPU
		{798E0327-245C-46CB-B1C7-6F0CF873676E}.Release|Any CPU.ActiveCfg = Release|Any CPU
		{798E0327-245C-46CB-B1C7-6F0CF873676E}.Release|Any CPU.Build.0 = Release|Any CPU
		{3A20AC1B-3516-4CD9-9A3C-72601F1A67E0}.Debug|Any CPU.ActiveCfg = Debug|Any CPU
		{3A20AC1B-3516-4CD9-9A3C-72601F1A67E0}.Debug|Any CPU.Build.0 = Debug|Any CPU
		{3A20AC1B-3516-4CD9-9A3C-72601F1A67E0}.Debug|Any CPU.Deploy.0 = Debug|Any CPU
		{3A20AC1B-3516-4CD9-9A3C-72601F1A67E0}.Release|Any CPU.ActiveCfg = Release|Any CPU
		{3A20AC1B-3516-4CD9-9A3C-72601F1A67E0}.Release|Any CPU.Build.0 = Release|Any CPU
		{3A20AC1B-3516-4CD9-9A3C-72601F1A67E0}.Release|Any CPU.Deploy.0 = Release|Any CPU
		{CE6E6ED5-B0CE-441D-A6FE-03866F1C8D65}.Debug|Any CPU.ActiveCfg = Debug|Any CPU
		{CE6E6ED5-B0CE-441D-A6FE-03866F1C8D65}.Debug|Any CPU.Build.0 = Debug|Any CPU
		{CE6E6ED5-B0CE-441D-A6FE-03866F1C8D65}.Release|Any CPU.ActiveCfg = Release|Any CPU
		{CE6E6ED5-B0CE-441D-A6FE-03866F1C8D65}.Release|Any CPU.Build.0 = Release|Any CPU
		{4237E873-E4C8-4427-8D1D-3111138C5FF4}.Debug|Any CPU.ActiveCfg = Debug|Any CPU
		{4237E873-E4C8-4427-8D1D-3111138C5FF4}.Debug|Any CPU.Build.0 = Debug|Any CPU
		{4237E873-E4C8-4427-8D1D-3111138C5FF4}.Release|Any CPU.ActiveCfg = Release|Any CPU
		{4237E873-E4C8-4427-8D1D-3111138C5FF4}.Release|Any CPU.Build.0 = Release|Any CPU
		{7239EC1A-B9DD-40E7-AA9E-31EB36782BFA}.Debug|Any CPU.ActiveCfg = Debug|Any CPU
		{7239EC1A-B9DD-40E7-AA9E-31EB36782BFA}.Debug|Any CPU.Build.0 = Debug|Any CPU
		{7239EC1A-B9DD-40E7-AA9E-31EB36782BFA}.Release|Any CPU.ActiveCfg = Release|Any CPU
		{7239EC1A-B9DD-40E7-AA9E-31EB36782BFA}.Release|Any CPU.Build.0 = Release|Any CPU
		{4C502D2A-A8DB-4D7B-AC27-48A74F9B8705}.Debug|Any CPU.ActiveCfg = Debug|Any CPU
		{4C502D2A-A8DB-4D7B-AC27-48A74F9B8705}.Debug|Any CPU.Build.0 = Debug|Any CPU
		{4C502D2A-A8DB-4D7B-AC27-48A74F9B8705}.Release|Any CPU.ActiveCfg = Release|Any CPU
		{4C502D2A-A8DB-4D7B-AC27-48A74F9B8705}.Release|Any CPU.Build.0 = Release|Any CPU
		{E0F5EC5F-4C64-4095-A96E-256354C86EF9}.Debug|Any CPU.ActiveCfg = Debug|Any CPU
		{E0F5EC5F-4C64-4095-A96E-256354C86EF9}.Debug|Any CPU.Build.0 = Debug|Any CPU
		{E0F5EC5F-4C64-4095-A96E-256354C86EF9}.Release|Any CPU.ActiveCfg = Release|Any CPU
		{E0F5EC5F-4C64-4095-A96E-256354C86EF9}.Release|Any CPU.Build.0 = Release|Any CPU
		{604A9557-9C19-43D9-A03B-3A0C09F5FDD5}.Debug|Any CPU.ActiveCfg = Debug|Any CPU
		{604A9557-9C19-43D9-A03B-3A0C09F5FDD5}.Debug|Any CPU.Build.0 = Debug|Any CPU
		{604A9557-9C19-43D9-A03B-3A0C09F5FDD5}.Release|Any CPU.ActiveCfg = Release|Any CPU
		{604A9557-9C19-43D9-A03B-3A0C09F5FDD5}.Release|Any CPU.Build.0 = Release|Any CPU
		{59794AD0-9EC0-4CEE-9EC1-DDD369594459}.Debug|Any CPU.ActiveCfg = Debug|Any CPU
		{59794AD0-9EC0-4CEE-9EC1-DDD369594459}.Debug|Any CPU.Build.0 = Debug|Any CPU
		{59794AD0-9EC0-4CEE-9EC1-DDD369594459}.Release|Any CPU.ActiveCfg = Release|Any CPU
		{59794AD0-9EC0-4CEE-9EC1-DDD369594459}.Release|Any CPU.Build.0 = Release|Any CPU
	EndGlobalSection
	GlobalSection(SolutionProperties) = preSolution
		HideSolutionNode = FALSE
	EndGlobalSection
	GlobalSection(NestedProjects) = preSolution
		{61162541-0D0C-4C8F-967E-DA9D42E8B4AD} = {4BFFEA9F-C4EC-4C3F-9C46-D86D31A46E96}
		{6CCC7504-B3C0-4EB4-8956-A5FB390ACD6A} = {4BFFEA9F-C4EC-4C3F-9C46-D86D31A46E96}
		{B4353DEA-4EEF-4D01-B5D2-D29A673515F6} = {4BFFEA9F-C4EC-4C3F-9C46-D86D31A46E96}
		{5B0A981D-C7A7-41D9-A888-D3CF49A07113} = {4BFFEA9F-C4EC-4C3F-9C46-D86D31A46E96}
		{71BBD1C9-2BD2-4162-AC4C-052F43241A9D} = {4BFFEA9F-C4EC-4C3F-9C46-D86D31A46E96}
		{798E0327-245C-46CB-B1C7-6F0CF873676E} = {6D550939-B3CD-483E-A7B0-326B0722F9F1}
		{3A20AC1B-3516-4CD9-9A3C-72601F1A67E0} = {6D550939-B3CD-483E-A7B0-326B0722F9F1}
		{CE6E6ED5-B0CE-441D-A6FE-03866F1C8D65} = {858AD5E6-4AF6-4007-A40F-07323B8604F6}
		{4237E873-E4C8-4427-8D1D-3111138C5FF4} = {858AD5E6-4AF6-4007-A40F-07323B8604F6}
		{7239EC1A-B9DD-40E7-AA9E-31EB36782BFA} = {9477C1D7-82E1-4204-BA81-DD49EB8A3F51}
		{4C502D2A-A8DB-4D7B-AC27-48A74F9B8705} = {B44432D1-C711-4E23-A692-3F8FD661C0E7}
		{E0F5EC5F-4C64-4095-A96E-256354C86EF9} = {B44432D1-C711-4E23-A692-3F8FD661C0E7}
		{604A9557-9C19-43D9-A03B-3A0C09F5FDD5} = {B44432D1-C711-4E23-A692-3F8FD661C0E7}
		{6D550939-B3CD-483E-A7B0-326B0722F9F1} = {38A630E4-9CAF-448D-86AF-822A85EC3B5E}
		{9477C1D7-82E1-4204-BA81-DD49EB8A3F51} = {38A630E4-9CAF-448D-86AF-822A85EC3B5E}
		{59794AD0-9EC0-4CEE-9EC1-DDD369594459} = {4BFFEA9F-C4EC-4C3F-9C46-D86D31A46E96}
	EndGlobalSection
EndGlobal
